
Microsoft Visual Studio Solution File, Format Version 11.00
# Visual Studio 2010
Project("{FAE04EC0-301F-11D3-BF4B-00C04F79EFBC}") = "UnityEngine.UI", "UnityEngine.UI.csproj", "{272d912d-129f-dcc5-31b6-ba2671caf215}"
EndProject
Project("{FAE04EC0-301F-11D3-BF4B-00C04F79EFBC}") = "UnityEditor.UI", "UnityEditor.UI.csproj", "{fff46cca-59ee-a4eb-d246-ec62261abe07}"
EndProject
Project("{FAE04EC0-301F-11D3-BF4B-00C04F79EFBC}") = "UnityEngine.UI", "UnityEngine.UI.Player.csproj", "{c1736058-ac95-b7f5-2257-cd53f402adee}"
EndProject
Project("{FAE04EC0-301F-11D3-BF4B-00C04F79EFBC}") = "Assembly-CSharp", "Assembly-CSharp.csproj", "{36bb65a1-95cd-2603-592d-190cd865554d}"
EndProject
Project("{FAE04EC0-301F-11D3-BF4B-00C04F79EFBC}") = "UnityEngine.UI.Tests", "UnityEngine.UI.Tests.csproj", "{0e950620-d46d-6a6b-ecc6-0ca551d13843}"
EndProject
Project("{FAE04EC0-301F-11D3-BF4B-00C04F79EFBC}") = "Assembly-CSharp-firstpass", "Assembly-CSharp-firstpass.csproj", "{6e6d49a9-7fc2-d5b8-65c0-46a825bfce98}"
EndProject
Project("{FAE04EC0-301F-11D3-BF4B-00C04F79EFBC}") = "UnityEditor.UI.EditorTests", "UnityEditor.UI.EditorTests.csproj", "{9d3b895c-00c2-438c-3327-4f87c02f8292}"
EndProject
Global
	GlobalSection(SolutionConfigurationPlatforms) = preSolution
		Debug|Any CPU = Debug|Any CPU
	EndGlobalSection
	GlobalSection(ProjectConfigurationPlatforms) = postSolution
		{272d912d-129f-dcc5-31b6-ba2671caf215}.Debug|Any CPU.ActiveCfg = Debug|Any CPU
		{272d912d-129f-dcc5-31b6-ba2671caf215}.Debug|Any CPU.Build.0 = Debug|Any CPU
		{fff46cca-59ee-a4eb-d246-ec62261abe07}.Debug|Any CPU.ActiveCfg = Debug|Any CPU
		{fff46cca-59ee-a4eb-d246-ec62261abe07}.Debug|Any CPU.Build.0 = Debug|Any CPU
		{c1736058-ac95-b7f5-2257-cd53f402adee}.Debug|Any CPU.ActiveCfg = Debug|Any CPU
		{c1736058-ac95-b7f5-2257-cd53f402adee}.Debug|Any CPU.Build.0 = Debug|Any CPU
		{36bb65a1-95cd-2603-592d-190cd865554d}.Debug|Any CPU.ActiveCfg = Debug|Any CPU
		{36bb65a1-95cd-2603-592d-190cd865554d}.Debug|Any CPU.Build.0 = Debug|Any CPU
		{0e950620-d46d-6a6b-ecc6-0ca551d13843}.Debug|Any CPU.ActiveCfg = Debug|Any CPU
		{0e950620-d46d-6a6b-ecc6-0ca551d13843}.Debug|Any CPU.Build.0 = Debug|Any CPU
		{6e6d49a9-7fc2-d5b8-65c0-46a825bfce98}.Debug|Any CPU.ActiveCfg = Debug|Any CPU
		{6e6d49a9-7fc2-d5b8-65c0-46a825bfce98}.Debug|Any CPU.Build.0 = Debug|Any CPU
		{9d3b895c-00c2-438c-3327-4f87c02f8292}.Debug|Any CPU.ActiveCfg = Debug|Any CPU
		{9d3b895c-00c2-438c-3327-4f87c02f8292}.Debug|Any CPU.Build.0 = Debug|Any CPU
	EndGlobalSection
	GlobalSection(SolutionProperties) = preSolution
		HideSolutionNode = FALSE
	EndGlobalSection
EndGlobal
